
Microsoft Visual Studio Solution File, Format Version 12.00
# Visual Studio Version 17
VisualStudioVersion = 17.14.36408.4 d17.14
MinimumVisualStudioVersion = 10.0.40219.1
Project("{FAE04EC0-301F-11D3-BF4B-00C04F79EFBC}") = "GestionEventosDeportivos", "GestionEventosDeportivos.csproj", "{49445B5F-C70D-4652-B934-B725D363630B}"
EndProject
Global
	GlobalSection(SolutionConfigurationPlatforms) = preSolution
		Debug|Any CPU = Debug|Any CPU
		Release|Any CPU = Release|Any CPU
	EndGlobalSection
	GlobalSection(ProjectConfigurationPlatforms) = postSolution
		{49445B5F-C70D-4652-B934-B725D363630B}.Debug|Any CPU.ActiveCfg = Debug|Any CPU
		{49445B5F-C70D-4652-B934-B725D363630B}.Debug|Any CPU.Build.0 = Debug|Any CPU
		{49445B5F-C70D-4652-B934-B725D363630B}.Release|Any CPU.ActiveCfg = Release|Any CPU
		{49445B5F-C70D-4652-B934-B725D363630B}.Release|Any CPU.Build.0 = Release|Any CPU
	EndGlobalSection
	GlobalSection(SolutionProperties) = preSolution
		HideSolutionNode = FALSE
	EndGlobalSection
	GlobalSection(ExtensibilityGlobals) = postSolution
		SolutionGuid = {724F40CA-72E0-4FC2-BD1B-F88BDF3B4A82}
	EndGlobalSection
EndGlobal
